{
  "name": "operator-test-retriever",
  "version": "0.1.0",
  "lockfileVersion": 3,
  "requires": true,
  "packages": {
    "": {
      "name": "operator-test-retriever",
      "version": "0.1.0",
      "dependencies": {
        "fflate": "0.8.3",
        "flatbuffers": "25.9.23",
        "space-data-module-sdk": "0.8.24",
        "spacedatastandards.org": "1.228.0"
      },
      "engines": {
        "node": ">=22"
      }
    },
    "node_modules/@types/emscripten": {
      "version": "1.41.6",
      "resolved": "https://registry.npmjs.org/@types/emscripten/-/emscripten-1.41.6.tgz",
      "integrity": "sha512-uN+9i8bFT5CUcZfyIEYDrSueACEyKGbUs5kC/72DGlZZoinh84sJfVV0i8UOJD1asdzkvLPBRrKs41kZ8MdEXg==",
      "license": "MIT"
    },
    "node_modules/base64-js": {
      "version": "1.5.1",
      "resolved": "https://registry.npmjs.org/base64-js/-/base64-js-1.5.1.tgz",
      "integrity": "sha512-AKpaYlHn8t4SVbOHCy+b5+KKgvR4vrsD8vbvrbiQJps7fKDTkjkDry6ji0rUJjC0kzbNePLwzxq8iypo41qeWA==",
      "funding": [
        {
          "type": "github",
          "url": "https://github.com/sponsors/feross"
        },
        {
          "type": "patreon",
          "url": "https://www.patreon.com/feross"
        },
        {
          "type": "consulting",
          "url": "https://feross.org/support"
        }
      ],
      "license": "MIT"
    },
    "node_modules/buffer": {
      "version": "6.0.3",
      "resolved": "https://registry.npmjs.org/buffer/-/buffer-6.0.3.tgz",
      "integrity": "sha512-FTiCpNxtwiZZHEZbcbTIcZjERVICn9yq/pDFkTl95/AxzD1naBctN7YO68riM/gLSDY7sdrMby8hofADYuuqOA==",
      "funding": [
        {
          "type": "github",
          "url": "https://github.com/sponsors/feross"
        },
        {
          "type": "patreon",
          "url": "https://www.patreon.com/feross"
        },
        {
          "type": "consulting",
          "url": "https://feross.org/support"
        }
      ],
      "license": "MIT",
      "dependencies": {
        "base64-js": "^1.3.1",
        "ieee754": "^1.2.1"
      }
    },
    "node_modules/fflate": {
      "version": "0.8.3",
      "resolved": "https://registry.npmjs.org/fflate/-/fflate-0.8.3.tgz",
      "integrity": "sha512-tbZNuJrLwGUp3zshBtdy4W+ORxZuIh8a5ilyIEQDC5rY1f3U20JMry0Ll3WBzU58EZKsEuJFXhb5gwv8CsPvgA==",
      "license": "MIT"
    },
    "node_modules/flatbuffers": {
      "version": "25.9.23",
      "resolved": "https://registry.npmjs.org/flatbuffers/-/flatbuffers-25.9.23.tgz",
      "integrity": "sha512-MI1qs7Lo4Syw0EOzUl0xjs2lsoeqFku44KpngfIduHBYvzm8h2+7K8YMQh1JtVVVrUvhLpNwqVi4DERegUJhPQ==",
      "license": "Apache-2.0"
    },
    "node_modules/flatc-wasm": {
      "version": "26.1.32",
      "resolved": "https://registry.npmjs.org/flatc-wasm/-/flatc-wasm-26.1.32.tgz",
      "integrity": "sha512-G6Qm68BKnsy/h6zliZeLHFhWdzB/rjG+E2pfjFmLwhmhAw0A8DlHefuRl5fy4xdwW+odcS9aLPSN0N6kBniOPw==",
      "license": "Apache-2.0",
      "dependencies": {
        "hd-wallet-wasm": "^2.0.4"
      },
      "engines": {
        "node": ">=18.0.0"
      }
    },
    "node_modules/flatsql": {
      "version": "2.0.3",
      "resolved": "https://registry.npmjs.org/flatsql/-/flatsql-2.0.3.tgz",
      "integrity": "sha512-ThQy3hX4FnmLVfalGEu6e4U5QFu4kv9oZq3s1Z4HMnlA7268MWbXY68y2xoj+mYqk8PxjCAj2Vxtu5+d6tM3ZA==",
      "license": "PolyForm-Noncommercial-1.0.0",
      "dependencies": {
        "flatbuffers": "^25.9.23",
        "flatc-wasm": "^26.1.32",
        "sql.js": "^1.10.0"
      },
      "engines": {
        "node": ">=24.0.0"
      }
    },
    "node_modules/hd-wallet-wasm": {
      "version": "2.0.28",
      "resolved": "https://registry.npmjs.org/hd-wallet-wasm/-/hd-wallet-wasm-2.0.28.tgz",
      "integrity": "sha512-+vXg7g5J7p1JM6tLZdEvlJEhlacmvJrlIH1khersUjI7HrGaFdpX11rxR2jYES+Zp1+DeknioU+s8jzstynacA==",
      "license": "Apache-2.0",
      "dependencies": {
        "flatbuffers": "25.9.23"
      },
      "engines": {
        "node": ">=18.0.0"
      }
    },
    "node_modules/ieee754": {
      "version": "1.2.1",
      "resolved": "https://registry.npmjs.org/ieee754/-/ieee754-1.2.1.tgz",
      "integrity": "sha512-dcyqhDvX1C46lXZcVqCpK+FtMRQVdIMN6/Df5js2zouUsqG7I6sFxitIC+7KYK29KdXOLHdu9zL4sFnoVQnqaA==",
      "funding": [
        {
          "type": "github",
          "url": "https://github.com/sponsors/feross"
        },
        {
          "type": "patreon",
          "url": "https://www.patreon.com/feross"
        },
        {
          "type": "consulting",
          "url": "https://feross.org/support"
        }
      ],
      "license": "BSD-3-Clause"
    },
    "node_modules/sdn-emception": {
      "version": "1.0.0",
      "resolved": "https://registry.npmjs.org/sdn-emception/-/sdn-emception-1.0.0.tgz",
      "integrity": "sha512-aKkZfUWqCK+ISxwnaOnJ1eZ+IC+G0FKcdhzoqQLTdbbOBdpvR+IWNytdt3SurA5pH2pWqQgQtuvqZlHX8pxHaA==",
      "license": "MIT",
      "dependencies": {
        "@types/emscripten": "^1.39.8"
      }
    },
    "node_modules/space-data-module-sdk": {
      "version": "0.8.24",
      "resolved": "https://registry.npmjs.org/space-data-module-sdk/-/space-data-module-sdk-0.8.24.tgz",
      "integrity": "sha512-D6TjVEbd6MUonDaYv57HoKFFfSuiTYqxgmSr/mhIVHJYgblzEaRXLY427bJkCyy6jGJNF97aTkbg54QypqgOpw==",
      "license": "Apache-2.0",
      "dependencies": {
        "flatbuffers": "^25.9.23",
        "flatc-wasm": "^26.1.32",
        "flatsql": "^2.0.0",
        "hd-wallet-wasm": "2.0.28",
        "sdn-emception": "1.0.0",
        "spacedatastandards.org": "1.206.0"
      },
      "bin": {
        "space-data-module": "bin/space-data-module.js"
      },
      "engines": {
        "node": ">=20.0.0"
      }
    },
    "node_modules/space-data-module-sdk/node_modules/spacedatastandards.org": {
      "version": "1.206.0",
      "resolved": "https://registry.npmjs.org/spacedatastandards.org/-/spacedatastandards.org-1.206.0.tgz",
      "integrity": "sha512-VR3IotZvyj+qnct5wGXyEXSpOs1PBRatr01jHBwaQt1BRrnMzNoS7cjnhECkJVIaJEG/x3Xbtw0zetXG3gNr/Q==",
      "license": "Apache-2.0",
      "dependencies": {
        "buffer": "^6.0.3",
        "flatbuffers": "^25.9.23",
        "hd-wallet-wasm": "2.0.28"
      },
      "funding": {
        "type": "corporate",
        "url": "https://github.com/DigitalArsenal/spacedatastandards.org/FUNDING.md"
      }
    },
    "node_modules/spacedatastandards.org": {
      "version": "1.228.0",
      "resolved": "https://registry.npmjs.org/spacedatastandards.org/-/spacedatastandards.org-1.228.0.tgz",
      "integrity": "sha512-SdzFSgwb5JOrl7Y9o4WTylfrz8xbMnVhDM3b5D9m0I/TJpsKepwIpogpTM3W+MRaKsmKtgDX9ZtrkzknhPcsdQ==",
      "license": "Apache-2.0",
      "dependencies": {
        "buffer": "^6.0.3",
        "flatbuffers": "^25.9.23",
        "hd-wallet-wasm": "2.0.28"
      },
      "funding": {
        "type": "corporate",
        "url": "https://github.com/DigitalArsenal/spacedatastandards.org/FUNDING.md"
      }
    },
    "node_modules/sql.js": {
      "version": "1.14.2",
      "resolved": "https://registry.npmjs.org/sql.js/-/sql.js-1.14.2.tgz",
      "integrity": "sha512-3ZGPovObMFrdw79zrUHbfdE/DLIsy8jdNdssmMSQuRAymedU6q84asPt0kgiqrdMYlPegDItiIMfmIXzZnYFcw==",
      "license": "MIT"
    }
  }
}
